
Microsoft Visual Studio Solution File, Format Version 12.00
# Visual Studio Version 17
VisualStudioVersion = 17.8.34525.116
MinimumVisualStudioVersion = 10.0.40219.1
Project("{FAE04EC0-301F-11D3-BF4B-00C04F79EFBC}") = "Homework4", "Homework4\Homework4.csproj", "{2FB30AE6-1BFE-434C-BD3E-027E0F30E21E}"
EndProject
Global
	GlobalSection(SolutionConfigurationPlatforms) = preSolution
		Debug|Any CPU = Debug|Any CPU
		Release|Any CPU = Release|Any CPU
	EndGlobalSection
	GlobalSection(ProjectConfigurationPlatforms) = postSolution
		{2FB30AE6-1BFE-434C-BD3E-027E0F30E21E}.Debug|Any CPU.ActiveCfg = Debug|Any CPU
		{2FB30AE6-1BFE-434C-BD3E-027E0F30E21E}.Debug|Any CPU.Build.0 = Debug|Any CPU
		{2FB30AE6-1BFE-434C-BD3E-027E0F30E21E}.Release|Any CPU.ActiveCfg = Release|Any CPU
		{2FB30AE6-1BFE-434C-BD3E-027E0F30E21E}.Release|Any CPU.Build.0 = Release|Any CPU
	EndGlobalSection
	GlobalSection(SolutionProperties) = preSolution
		HideSolutionNode = FALSE
	EndGlobalSection
	GlobalSection(ExtensibilityGlobals) = postSolution
		SolutionGuid = {161CB2F2-4BFD-491A-BFD6-493B99043B18}
	EndGlobalSection
EndGlobal
